
Microsoft Visual Studio Solution File, Format Version 12.00
# Visual Studio 14
VisualStudioVersion = 14.0.25420.1
MinimumVisualStudioVersion = 10.0.40219.1
Project("{FAE04EC0-301F-11D3-BF4B-00C04F79EFBC}") = "01", "01\01.csproj", "{AFA7DC44-D882-4774-91F1-765FD948EFE9}"
EndProject
Project("{FAE04EC0-301F-11D3-BF4B-00C04F79EFBC}") = "01_B", "01_B\01_B.csproj", "{EBBB2C12-11CA-400B-AA54-719D4092F73A}"
EndProject
Project("{FAE04EC0-301F-11D3-BF4B-00C04F79EFBC}") = "03", "03\03.csproj", "{C91ED471-A0E2-4485-B74D-888B6E279AAF}"
EndProject
Global
	GlobalSection(SolutionConfigurationPlatforms) = preSolution
		Debug|Any CPU = Debug|Any CPU
		Release|Any CPU = Release|Any CPU
	EndGlobalSection
	GlobalSection(ProjectConfigurationPlatforms) = postSolution
		{AFA7DC44-D882-4774-91F1-765FD948EFE9}.Debug|Any CPU.ActiveCfg = Debug|Any CPU
		{AFA7DC44-D882-4774-91F1-765FD948EFE9}.Debug|Any CPU.Build.0 = Debug|Any CPU
		{AFA7DC44-D882-4774-91F1-765FD948EFE9}.Release|Any CPU.ActiveCfg = Release|Any CPU
		{AFA7DC44-D882-4774-91F1-765FD948EFE9}.Release|Any CPU.Build.0 = Release|Any CPU
		{EBBB2C12-11CA-400B-AA54-719D4092F73A}.Debug|Any CPU.ActiveCfg = Debug|Any CPU
		{EBBB2C12-11CA-400B-AA54-719D4092F73A}.Debug|Any CPU.Build.0 = Debug|Any CPU
		{EBBB2C12-11CA-400B-AA54-719D4092F73A}.Release|Any CPU.ActiveCfg = Release|Any CPU
		{EBBB2C12-11CA-400B-AA54-719D4092F73A}.Release|Any CPU.Build.0 = Release|Any CPU
		{C91ED471-A0E2-4485-B74D-888B6E279AAF}.Debug|Any CPU.ActiveCfg = Debug|Any CPU
		{C91ED471-A0E2-4485-B74D-888B6E279AAF}.Debug|Any CPU.Build.0 = Debug|Any CPU
		{C91ED471-A0E2-4485-B74D-888B6E279AAF}.Release|Any CPU.ActiveCfg = Release|Any CPU
		{C91ED471-A0E2-4485-B74D-888B6E279AAF}.Release|Any CPU.Build.0 = Release|Any CPU
	EndGlobalSection
	GlobalSection(SolutionProperties) = preSolution
		HideSolutionNode = FALSE
	EndGlobalSection
EndGlobal
